{
  "lockfileVersion": 1,
  "dependencies": {
    "aria-query": {
      "version": "0.3.0",
      "resolved": "https://registry.npmjs.org/aria-query/-/aria-query-0.3.0.tgz",
      "integrity": "sha1-y4qZhOKGJxHIPICt5bj1yg3itGc="
    },
    "ast-types-flow": {
      "version": "0.0.7",
      "resolved": "https://registry.npmjs.org/ast-types-flow/-/ast-types-flow-0.0.7.tgz",
      "integrity": "sha1-9wtzXGvKGlycItmCw+Oef+ujva0="
    },
    "damerau-levenshtein": {
      "version": "1.0.4",
      "resolved": "https://registry.npmjs.org/damerau-levenshtein/-/damerau-levenshtein-1.0.4.tgz",
      "integrity": "sha1-AxkcQyy27qFou3fzpV/9zLiXhRQ="
    },
    "emoji-regex": {
      "version": "6.4.2",
      "resolved": "https://registry.npmjs.org/emoji-regex/-/emoji-regex-6.4.2.tgz",
      "integrity": "sha1-owtv7jU9QG2Wz7n6dlvcgol+/24="
    },
    "eslint-plugin-jsx-a11y": {
      "version": "4.0.0",
      "resolved": "https://registry.npmjs.org/eslint-plugin-jsx-a11y/-/eslint-plugin-jsx-a11y-4.0.0.tgz",
      "integrity": "sha1-d5uw/nsI2lZKQiYkkR3hAGHgSO4="
    },
    "jsx-ast-utils": {
      "version": "1.4.1",
      "resolved": "https://registry.npmjs.org/jsx-ast-utils/-/jsx-ast-utils-1.4.1.tgz",
      "integrity": "sha1-OGchPo3Xm/Ho8jAMDPwe+xgsDfE="
    },
    "object-assign": {
      "version": "4.1.1",
      "resolved": "https://registry.npmjs.org/object-assign/-/object-assign-4.1.1.tgz",
      "integrity": "sha1-IQmtx5ZYh8/AXLvUQsrIv7s2CGM="
    }
  }
}
